
Microsoft Visual Studio Solution File, Format Version 12.00
# Visual Studio Version 17
VisualStudioVersion = 17.7.34221.43
MinimumVisualStudioVersion = 10.0.40219.1
Project("{9A19103F-16F7-4668-BE54-9A1E7A4F7556}") = "PlatformService", "PlatformService.csproj", "{243EAD2B-87D1-454E-B354-00617B07165B}"
EndProject
Global
	GlobalSection(SolutionConfigurationPlatforms) = preSolution
		Debug|Any CPU = Debug|Any CPU
		Release|Any CPU = Release|Any CPU
	EndGlobalSection
	GlobalSection(ProjectConfigurationPlatforms) = postSolution
		{243EAD2B-87D1-454E-B354-00617B07165B}.Debug|Any CPU.ActiveCfg = Debug|Any CPU
		{243EAD2B-87D1-454E-B354-00617B07165B}.Debug|Any CPU.Build.0 = Debug|Any CPU
		{243EAD2B-87D1-454E-B354-00617B07165B}.Release|Any CPU.ActiveCfg = Release|Any CPU
		{243EAD2B-87D1-454E-B354-00617B07165B}.Release|Any CPU.Build.0 = Release|Any CPU
	EndGlobalSection
	GlobalSection(SolutionProperties) = preSolution
		HideSolutionNode = FALSE
	EndGlobalSection
	GlobalSection(ExtensibilityGlobals) = postSolution
		SolutionGuid = {F382B28C-D976-4D79-BCF0-9EE1DB6DE356}
	EndGlobalSection
EndGlobal
